<?xml version="1.0" encoding="UTF-8" standalone="yes" ?>
<CodeBlocks_project_file>
	<FileVersion major="1" minor="6" />
	<Project>
		<Option title="ruijie" />
		<Option pch_mode="2" />
		<Option compiler="gcc" />
		<Build>
			<Target title="Debug">
				<Option output="bin/Debug/ruijie" prefix_auto="1" extension_auto="1" />
				<Option object_output="obj/Debug/" />
				<Option type="1" />
				<Option compiler="gcc" />
				<Compiler>
					<Add option="-ggdb3" />
				</Compiler>
			</Target>
			<Target title="Release">
				<Option output="bin/Release/ruijie" prefix_auto="1" extension_auto="1" />
				<Option object_output="obj/Release/" />
				<Option type="1" />
				<Option compiler="gcc" />
				<Compiler>
					<Add option="-flto" />
					<Add option="-Os" />
				</Compiler>
				<Linker>
					<Add option="-flto" />
					<Add option="-s" />
				</Linker>
			</Target>
		</Build>
		<Compiler>
			<Add option="-Wall" />
			<Add option="-std=gnu11" />
		</Compiler>
		<Unit filename="common.h" />
		<Unit filename="const.c">
			<Option compilerVar="CC" />
		</Unit>
		<Unit filename="direct_comm.c">
			<Option compilerVar="CC" />
		</Unit>
		<Unit filename="eap.c">
			<Option compilerVar="CC" />
		</Unit>
		<Unit filename="encrypt/d3des.c">
			<Option compilerVar="CC" />
		</Unit>
		<Unit filename="encrypt/d3des.h" />
		<Unit filename="encrypt/rc4.c">
			<Option compilerVar="CC" />
		</Unit>
		<Unit filename="encrypt/rc4.h" />
		<Unit filename="hash/ampheck.h" />
		<Unit filename="hash/byte_order.c">
			<Option compilerVar="CC" />
		</Unit>
		<Unit filename="hash/byte_order.h" />
		<Unit filename="hash/crc16.c">
			<Option compilerVar="CC" />
		</Unit>
		<Unit filename="hash/md5.c">
			<Option compilerVar="CC" />
		</Unit>
		<Unit filename="hash/md5.h" />
		<Unit filename="hash/ripemd128.c">
			<Option compilerVar="CC" />
		</Unit>
		<Unit filename="hash/ripemd128.h" />
		<Unit filename="hash/sha1.c">
			<Option compilerVar="CC" />
		</Unit>
		<Unit filename="hash/sha1.h" />
		<Unit filename="hash/tiger.c">
			<Option compilerVar="CC" />
		</Unit>
		<Unit filename="hash/tiger.h" />
		<Unit filename="hash/tiger_sbox.c">
			<Option compilerVar="CC" />
		</Unit>
		<Unit filename="hash/ustd.h" />
		<Unit filename="hash/whirlpool.c">
			<Option compilerVar="CC" />
		</Unit>
		<Unit filename="hash/whirlpool.h" />
		<Unit filename="hash/whirlpool_sbox.c">
			<Option compilerVar="CC" />
		</Unit>
		<Unit filename="main.c">
			<Option compilerVar="CC" />
		</Unit>
		<Unit filename="net.c">
			<Option compilerVar="CC" />
		</Unit>
		<Unit filename="stages.c">
			<Option compilerVar="CC" />
		</Unit>
		<Unit filename="util.c">
			<Option compilerVar="CC" />
		</Unit>
		<Extensions>
			<lib_finder disable_auto="1" />
		</Extensions>
	</Project>
</CodeBlocks_project_file>
